
Microsoft Visual Studio Solution File, Format Version 12.00
# Visual Studio 15
VisualStudioVersion = 15.0.27703.2035
MinimumVisualStudioVersion = 10.0.40219.1
Project("{FAE04EC0-301F-11D3-BF4B-00C04F79EFBC}") = "ParrotPelmanism", "ParrotPelmanism\ParrotPelmanism.csproj", "{AECA47D7-638A-4D0A-AE7C-E046D650953A}"
EndProject
Global
	GlobalSection(SolutionConfigurationPlatforms) = preSolution
		Debug|Any CPU = Debug|Any CPU
		Release|Any CPU = Release|Any CPU
	EndGlobalSection
	GlobalSection(ProjectConfigurationPlatforms) = postSolution
		{AECA47D7-638A-4D0A-AE7C-E046D650953A}.Debug|Any CPU.ActiveCfg = Debug|Any CPU
		{AECA47D7-638A-4D0A-AE7C-E046D650953A}.Debug|Any CPU.Build.0 = Debug|Any CPU
		{AECA47D7-638A-4D0A-AE7C-E046D650953A}.Release|Any CPU.ActiveCfg = Release|Any CPU
		{AECA47D7-638A-4D0A-AE7C-E046D650953A}.Release|Any CPU.Build.0 = Release|Any CPU
	EndGlobalSection
	GlobalSection(SolutionProperties) = preSolution
		HideSolutionNode = FALSE
	EndGlobalSection
	GlobalSection(ExtensibilityGlobals) = postSolution
		SolutionGuid = {B38D6A4C-CA1B-44D2-83E0-43613E5B0B07}
	EndGlobalSection
EndGlobal
